
Microsoft Visual Studio Solution File, Format Version 12.00
# Visual Studio 14
VisualStudioVersion = 14.0.25420.1
MinimumVisualStudioVersion = 10.0.40219.1
Project("{F088123C-0E9E-452A-89E6-6BA2F21D5CAC}") = "SoDoUML", "DAChuyenNganh\SoDoUML.modelproj", "{37619645-991B-4DCA-BC4D-CCDBD8AFAD3E}"
EndProject
Project("{FAE04EC0-301F-11D3-BF4B-00C04F79EFBC}") = "CHTracNghiem", "MainForm\CHTracNghiem.csproj", "{A6CCCD75-21FD-43B1-94E3-AE118F481875}"
EndProject
Project("{FAE04EC0-301F-11D3-BF4B-00C04F79EFBC}") = "Common", "Common\Common.csproj", "{6F817F41-130F-4153-B50B-35F649E0E1DB}"
EndProject
Project("{FAE04EC0-301F-11D3-BF4B-00C04F79EFBC}") = "Bus", "Bus\Bus.csproj", "{C4A7BD35-8427-4EA8-ACB0-FDD5E25AC3F6}"
EndProject
Project("{FAE04EC0-301F-11D3-BF4B-00C04F79EFBC}") = "Dal", "Dal\Dal.csproj", "{07DB3397-35A7-463A-8119-E24C9ACB913E}"
EndProject
Project("{2150E333-8FDC-42A3-9474-1A3956D46DE8}") = "Three-Layer", "Three-Layer", "{64F083CF-AC88-4559-B8EE-7C7F6AC3DCE0}"
EndProject
Global
	GlobalSection(SolutionConfigurationPlatforms) = preSolution
		Debug|Any CPU = Debug|Any CPU
		Release|Any CPU = Release|Any CPU
	EndGlobalSection
	GlobalSection(ProjectConfigurationPlatforms) = postSolution
		{37619645-991B-4DCA-BC4D-CCDBD8AFAD3E}.Debug|Any CPU.ActiveCfg = Debug|Any CPU
		{37619645-991B-4DCA-BC4D-CCDBD8AFAD3E}.Debug|Any CPU.Build.0 = Debug|Any CPU
		{37619645-991B-4DCA-BC4D-CCDBD8AFAD3E}.Release|Any CPU.ActiveCfg = Release|Any CPU
		{37619645-991B-4DCA-BC4D-CCDBD8AFAD3E}.Release|Any CPU.Build.0 = Release|Any CPU
		{A6CCCD75-21FD-43B1-94E3-AE118F481875}.Debug|Any CPU.ActiveCfg = Debug|Any CPU
		{A6CCCD75-21FD-43B1-94E3-AE118F481875}.Debug|Any CPU.Build.0 = Debug|Any CPU
		{A6CCCD75-21FD-43B1-94E3-AE118F481875}.Release|Any CPU.ActiveCfg = Release|Any CPU
		{A6CCCD75-21FD-43B1-94E3-AE118F481875}.Release|Any CPU.Build.0 = Release|Any CPU
		{6F817F41-130F-4153-B50B-35F649E0E1DB}.Debug|Any CPU.ActiveCfg = Debug|Any CPU
		{6F817F41-130F-4153-B50B-35F649E0E1DB}.Debug|Any CPU.Build.0 = Debug|Any CPU
		{6F817F41-130F-4153-B50B-35F649E0E1DB}.Release|Any CPU.ActiveCfg = Release|Any CPU
		{6F817F41-130F-4153-B50B-35F649E0E1DB}.Release|Any CPU.Build.0 = Release|Any CPU
		{C4A7BD35-8427-4EA8-ACB0-FDD5E25AC3F6}.Debug|Any CPU.ActiveCfg = Debug|Any CPU
		{C4A7BD35-8427-4EA8-ACB0-FDD5E25AC3F6}.Debug|Any CPU.Build.0 = Debug|Any CPU
		{C4A7BD35-8427-4EA8-ACB0-FDD5E25AC3F6}.Release|Any CPU.ActiveCfg = Release|Any CPU
		{C4A7BD35-8427-4EA8-ACB0-FDD5E25AC3F6}.Release|Any CPU.Build.0 = Release|Any CPU
		{07DB3397-35A7-463A-8119-E24C9ACB913E}.Debug|Any CPU.ActiveCfg = Debug|Any CPU
		{07DB3397-35A7-463A-8119-E24C9ACB913E}.Debug|Any CPU.Build.0 = Debug|Any CPU
		{07DB3397-35A7-463A-8119-E24C9ACB913E}.Release|Any CPU.ActiveCfg = Release|Any CPU
		{07DB3397-35A7-463A-8119-E24C9ACB913E}.Release|Any CPU.Build.0 = Release|Any CPU
	EndGlobalSection
	GlobalSection(SolutionProperties) = preSolution
		HideSolutionNode = FALSE
	EndGlobalSection
	GlobalSection(NestedProjects) = preSolution
		{6F817F41-130F-4153-B50B-35F649E0E1DB} = {64F083CF-AC88-4559-B8EE-7C7F6AC3DCE0}
		{C4A7BD35-8427-4EA8-ACB0-FDD5E25AC3F6} = {64F083CF-AC88-4559-B8EE-7C7F6AC3DCE0}
		{07DB3397-35A7-463A-8119-E24C9ACB913E} = {64F083CF-AC88-4559-B8EE-7C7F6AC3DCE0}
	EndGlobalSection
EndGlobal
